
Microsoft Visual Studio Solution File, Format Version 12.00
# Visual Studio Version 16
VisualStudioVersion = 16.0.30711.63
MinimumVisualStudioVersion = 10.0.40219.1
Project("{FAE04EC0-301F-11D3-BF4B-00C04F79EFBC}") = "ProgrammingTechnologies", "ProgrammingTechnologies\ProgrammingTechnologies.csproj", "{8815F48A-B24F-4037-A9F3-15C7CBC27C1A}"
EndProject
Global
	GlobalSection(SolutionConfigurationPlatforms) = preSolution
		Debug|Any CPU = Debug|Any CPU
		Release|Any CPU = Release|Any CPU
	EndGlobalSection
	GlobalSection(ProjectConfigurationPlatforms) = postSolution
		{8815F48A-B24F-4037-A9F3-15C7CBC27C1A}.Debug|Any CPU.ActiveCfg = Debug|Any CPU
		{8815F48A-B24F-4037-A9F3-15C7CBC27C1A}.Debug|Any CPU.Build.0 = Debug|Any CPU
		{8815F48A-B24F-4037-A9F3-15C7CBC27C1A}.Release|Any CPU.ActiveCfg = Release|Any CPU
		{8815F48A-B24F-4037-A9F3-15C7CBC27C1A}.Release|Any CPU.Build.0 = Release|Any CPU
	EndGlobalSection
	GlobalSection(SolutionProperties) = preSolution
		HideSolutionNode = FALSE
	EndGlobalSection
	GlobalSection(ExtensibilityGlobals) = postSolution
		SolutionGuid = {4283DE02-51DC-4533-A648-E6BC80A9C610}
	EndGlobalSection
EndGlobal
